
Microsoft Visual Studio Solution File, Format Version 12.00
# Visual Studio Version 16
VisualStudioVersion = 16.0.30621.155
MinimumVisualStudioVersion = 10.0.40219.1
Project("{9A19103F-16F7-4668-BE54-9A1E7A4F7556}") = "ToDo", "ToDo\ToDo.csproj", "{AC807241-2547-4960-8DAB-1788D64C42C3}"
EndProject
Global
	GlobalSection(SolutionConfigurationPlatforms) = preSolution
		Debug|Any CPU = Debug|Any CPU
		Release|Any CPU = Release|Any CPU
	EndGlobalSection
	GlobalSection(ProjectConfigurationPlatforms) = postSolution
		{AC807241-2547-4960-8DAB-1788D64C42C3}.Debug|Any CPU.ActiveCfg = Debug|Any CPU
		{AC807241-2547-4960-8DAB-1788D64C42C3}.Debug|Any CPU.Build.0 = Debug|Any CPU
		{AC807241-2547-4960-8DAB-1788D64C42C3}.Release|Any CPU.ActiveCfg = Release|Any CPU
		{AC807241-2547-4960-8DAB-1788D64C42C3}.Release|Any CPU.Build.0 = Release|Any CPU
	EndGlobalSection
	GlobalSection(SolutionProperties) = preSolution
		HideSolutionNode = FALSE
	EndGlobalSection
	GlobalSection(ExtensibilityGlobals) = postSolution
		SolutionGuid = {A36E2A48-A243-4AB1-AC4D-8242EE66C70F}
	EndGlobalSection
EndGlobal
